
Microsoft Visual Studio Solution File, Format Version 12.00
# Visual Studio Version 17
VisualStudioVersion = 17.1.32319.34
MinimumVisualStudioVersion = 10.0.40219.1
Project("{FAE04EC0-301F-11D3-BF4B-00C04F79EFBC}") = "Prestamos", "Prestamos\Prestamos.csproj", "{3B912F56-EF35-4E45-965A-143244ABE4A9}"
EndProject
Global
	GlobalSection(SolutionConfigurationPlatforms) = preSolution
		Debug|Any CPU = Debug|Any CPU
		Release|Any CPU = Release|Any CPU
	EndGlobalSection
	GlobalSection(ProjectConfigurationPlatforms) = postSolution
		{3B912F56-EF35-4E45-965A-143244ABE4A9}.Debug|Any CPU.ActiveCfg = Debug|Any CPU
		{3B912F56-EF35-4E45-965A-143244ABE4A9}.Debug|Any CPU.Build.0 = Debug|Any CPU
		{3B912F56-EF35-4E45-965A-143244ABE4A9}.Release|Any CPU.ActiveCfg = Release|Any CPU
		{3B912F56-EF35-4E45-965A-143244ABE4A9}.Release|Any CPU.Build.0 = Release|Any CPU
	EndGlobalSection
	GlobalSection(SolutionProperties) = preSolution
		HideSolutionNode = FALSE
	EndGlobalSection
	GlobalSection(ExtensibilityGlobals) = postSolution
		SolutionGuid = {65379975-89B8-47BD-8F08-4797AD845C16}
	EndGlobalSection
EndGlobal
