
Microsoft Visual Studio Solution File, Format Version 12.00
# Visual Studio Version 17
VisualStudioVersion = 17.1.32319.34
MinimumVisualStudioVersion = 10.0.40219.1
Project("{FAE04EC0-301F-11D3-BF4B-00C04F79EFBC}") = "BBDD2", "BBDD2\BBDD2.csproj", "{BD680020-A73D-4CA5-9B7E-CCFB5973407E}"
EndProject
Global
	GlobalSection(SolutionConfigurationPlatforms) = preSolution
		Debug|Any CPU = Debug|Any CPU
		Release|Any CPU = Release|Any CPU
	EndGlobalSection
	GlobalSection(ProjectConfigurationPlatforms) = postSolution
		{BD680020-A73D-4CA5-9B7E-CCFB5973407E}.Debug|Any CPU.ActiveCfg = Debug|Any CPU
		{BD680020-A73D-4CA5-9B7E-CCFB5973407E}.Debug|Any CPU.Build.0 = Debug|Any CPU
		{BD680020-A73D-4CA5-9B7E-CCFB5973407E}.Release|Any CPU.ActiveCfg = Release|Any CPU
		{BD680020-A73D-4CA5-9B7E-CCFB5973407E}.Release|Any CPU.Build.0 = Release|Any CPU
	EndGlobalSection
	GlobalSection(SolutionProperties) = preSolution
		HideSolutionNode = FALSE
	EndGlobalSection
	GlobalSection(ExtensibilityGlobals) = postSolution
		SolutionGuid = {4FFFB41C-9364-4AB5-AC13-9E8675F3C632}
	EndGlobalSection
EndGlobal
