
Microsoft Visual Studio Solution File, Format Version 12.00
# Visual Studio Version 17
VisualStudioVersion = 17.1.32319.34
MinimumVisualStudioVersion = 10.0.40219.1
Project("{FAE04EC0-301F-11D3-BF4B-00C04F79EFBC}") = "Bar", "Bar\Bar.csproj", "{21CB766C-558F-474E-8BF4-E9C15F4DD55C}"
EndProject
Global
	GlobalSection(SolutionConfigurationPlatforms) = preSolution
		Debug|Any CPU = Debug|Any CPU
		Release|Any CPU = Release|Any CPU
	EndGlobalSection
	GlobalSection(ProjectConfigurationPlatforms) = postSolution
		{21CB766C-558F-474E-8BF4-E9C15F4DD55C}.Debug|Any CPU.ActiveCfg = Debug|Any CPU
		{21CB766C-558F-474E-8BF4-E9C15F4DD55C}.Debug|Any CPU.Build.0 = Debug|Any CPU
		{21CB766C-558F-474E-8BF4-E9C15F4DD55C}.Release|Any CPU.ActiveCfg = Release|Any CPU
		{21CB766C-558F-474E-8BF4-E9C15F4DD55C}.Release|Any CPU.Build.0 = Release|Any CPU
	EndGlobalSection
	GlobalSection(SolutionProperties) = preSolution
		HideSolutionNode = FALSE
	EndGlobalSection
	GlobalSection(ExtensibilityGlobals) = postSolution
		SolutionGuid = {BFFA269B-D422-467F-B113-AF4CFD9D67F3}
	EndGlobalSection
EndGlobal
