
Microsoft Visual Studio Solution File, Format Version 12.00
# Visual Studio Version 17
VisualStudioVersion = 17.1.32319.34
MinimumVisualStudioVersion = 10.0.40219.1
Project("{FAE04EC0-301F-11D3-BF4B-00C04F79EFBC}") = "Excepciones2", "Excepciones2\Excepciones2.csproj", "{7B588DCE-C0A4-4B7F-BDEE-82F946E51A87}"
EndProject
Global
	GlobalSection(SolutionConfigurationPlatforms) = preSolution
		Debug|Any CPU = Debug|Any CPU
		Release|Any CPU = Release|Any CPU
	EndGlobalSection
	GlobalSection(ProjectConfigurationPlatforms) = postSolution
		{7B588DCE-C0A4-4B7F-BDEE-82F946E51A87}.Debug|Any CPU.ActiveCfg = Debug|Any CPU
		{7B588DCE-C0A4-4B7F-BDEE-82F946E51A87}.Debug|Any CPU.Build.0 = Debug|Any CPU
		{7B588DCE-C0A4-4B7F-BDEE-82F946E51A87}.Release|Any CPU.ActiveCfg = Release|Any CPU
		{7B588DCE-C0A4-4B7F-BDEE-82F946E51A87}.Release|Any CPU.Build.0 = Release|Any CPU
	EndGlobalSection
	GlobalSection(SolutionProperties) = preSolution
		HideSolutionNode = FALSE
	EndGlobalSection
	GlobalSection(ExtensibilityGlobals) = postSolution
		SolutionGuid = {8685723B-9D24-4C4C-A0F9-222F922B2938}
	EndGlobalSection
EndGlobal
