
Microsoft Visual Studio Solution File, Format Version 12.00
# Visual Studio Version 17
VisualStudioVersion = 17.1.32319.34
MinimumVisualStudioVersion = 10.0.40219.1
Project("{FAE04EC0-301F-11D3-BF4B-00C04F79EFBC}") = "btn1", "btn1\btn1.csproj", "{A20AEE5F-DC2D-401B-ABE8-B3AC9A935173}"
EndProject
Global
	GlobalSection(SolutionConfigurationPlatforms) = preSolution
		Debug|Any CPU = Debug|Any CPU
		Release|Any CPU = Release|Any CPU
	EndGlobalSection
	GlobalSection(ProjectConfigurationPlatforms) = postSolution
		{A20AEE5F-DC2D-401B-ABE8-B3AC9A935173}.Debug|Any CPU.ActiveCfg = Debug|Any CPU
		{A20AEE5F-DC2D-401B-ABE8-B3AC9A935173}.Debug|Any CPU.Build.0 = Debug|Any CPU
		{A20AEE5F-DC2D-401B-ABE8-B3AC9A935173}.Release|Any CPU.ActiveCfg = Release|Any CPU
		{A20AEE5F-DC2D-401B-ABE8-B3AC9A935173}.Release|Any CPU.Build.0 = Release|Any CPU
	EndGlobalSection
	GlobalSection(SolutionProperties) = preSolution
		HideSolutionNode = FALSE
	EndGlobalSection
	GlobalSection(ExtensibilityGlobals) = postSolution
		SolutionGuid = {FD860F5B-3042-4D24-96F1-B53B8ADCDEE3}
	EndGlobalSection
EndGlobal
